// !$*UTF8*$!
{
	archiveVersion = 1;
	classes = {
	};
	objectVersion = 50;
	objects = {

/* Begin PBXBuildFile section */
		263A0686224A3C1C00A62164 /* KosViewModel.swift in Sources */ = {isa = PBXBuildFile; fileRef = 263A0685224A3C1C00A62164 /* KosViewModel.swift */; };
		263A0688224A3C4300A62164 /* KosModel.swift in Sources */ = {isa = PBXBuildFile; fileRef = 263A0687224A3C4300A62164 /* KosModel.swift */; };
		263A068D224A3FC200A62164 /* KosViewController+TableViewDataSource.swift in Sources */ = {isa = PBXBuildFile; fileRef = 263A068C224A3FC200A62164 /* KosViewController+TableViewDataSource.swift */; };
		263A068F224A439800A62164 /* KosTableViewCell.xib in Resources */ = {isa = PBXBuildFile; fileRef = 263A068E224A439800A62164 /* KosTableViewCell.xib */; };
		263A0691224A475600A62164 /* KosTVC.swift in Sources */ = {isa = PBXBuildFile; fileRef = 263A0690224A475600A62164 /* KosTVC.swift */; };
		263A0693224A4A2A00A62164 /* AnyViewExtension.swift in Sources */ = {isa = PBXBuildFile; fileRef = 263A0692224A4A2A00A62164 /* AnyViewExtension.swift */; };
		263A0695224A4D0200A62164 /* DetailKosViewController.swift in Sources */ = {isa = PBXBuildFile; fileRef = 263A0694224A4D0200A62164 /* DetailKosViewController.swift */; };
		263A0697224A4DD700A62164 /* KosViewController+TableViewDelegate.swift in Sources */ = {isa = PBXBuildFile; fileRef = 263A0696224A4DD700A62164 /* KosViewController+TableViewDelegate.swift */; };
		263A0699224A54F500A62164 /* NewKostViewController.swift in Sources */ = {isa = PBXBuildFile; fileRef = 263A0698224A54F500A62164 /* NewKostViewController.swift */; };
		269CF146224A38A800884174 /* AppDelegate.swift in Sources */ = {isa = PBXBuildFile; fileRef = 269CF145224A38A800884174 /* AppDelegate.swift */; };
		269CF148224A38A800884174 /* ViewController.swift in Sources */ = {isa = PBXBuildFile; fileRef = 269CF147224A38A800884174 /* ViewController.swift */; };
		269CF14B224A38A800884174 /* Main.storyboard in Resources */ = {isa = PBXBuildFile; fileRef = 269CF149224A38A800884174 /* Main.storyboard */; };
		269CF14D224A38A900884174 /* Assets.xcassets in Resources */ = {isa = PBXBuildFile; fileRef = 269CF14C224A38A900884174 /* Assets.xcassets */; };
		269CF150224A38A900884174 /* LaunchScreen.storyboard in Resources */ = {isa = PBXBuildFile; fileRef = 269CF14E224A38A900884174 /* LaunchScreen.storyboard */; };
		26AC1127224A39C200D4FAE7 /* NetworkFacade.swift in Sources */ = {isa = PBXBuildFile; fileRef = 26AC1126224A39C200D4FAE7 /* NetworkFacade.swift */; };
		F26CC8FE007584568493ED17 /* Pods_FinalProject.framework in Frameworks */ = {isa = PBXBuildFile; fileRef = FC15FF5954DED66E0A88933B /* Pods_FinalProject.framework */; };
/* End PBXBuildFile section */

/* Begin PBXFileReference section */
		263A0685224A3C1C00A62164 /* KosViewModel.swift */ = {isa = PBXFileReference; lastKnownFileType = sourcecode.swift; path = KosViewModel.swift; sourceTree = "<group>"; };
		263A0687224A3C4300A62164 /* KosModel.swift */ = {isa = PBXFileReference; lastKnownFileType = sourcecode.swift; path = KosModel.swift; sourceTree = "<group>"; };
		263A068C224A3FC200A62164 /* KosViewController+TableViewDataSource.swift */ = {isa = PBXFileReference; lastKnownFileType = sourcecode.swift; path = "KosViewController+TableViewDataSource.swift"; sourceTree = "<group>"; };
		263A068E224A439800A62164 /* KosTableViewCell.xib */ = {isa = PBXFileReference; lastKnownFileType = file.xib; path = KosTableViewCell.xib; sourceTree = "<group>"; };
		263A0690224A475600A62164 /* KosTVC.swift */ = {isa = PBXFileReference; lastKnownFileType = sourcecode.swift; path = KosTVC.swift; sourceTree = "<group>"; };
		263A0692224A4A2A00A62164 /* AnyViewExtension.swift */ = {isa = PBXFileReference; lastKnownFileType = sourcecode.swift; path = AnyViewExtension.swift; sourceTree = "<group>"; };
		263A0694224A4D0200A62164 /* DetailKosViewController.swift */ = {isa = PBXFileReference; lastKnownFileType = sourcecode.swift; path = DetailKosViewController.swift; sourceTree = "<group>"; };
		263A0696224A4DD700A62164 /* KosViewController+TableViewDelegate.swift */ = {isa = PBXFileReference; lastKnownFileType = sourcecode.swift; path = "KosViewController+TableViewDelegate.swift"; sourceTree = "<group>"; };
		263A0698224A54F500A62164 /* NewKostViewController.swift */ = {isa = PBXFileReference; lastKnownFileType = sourcecode.swift; path = NewKostViewController.swift; sourceTree = "<group>"; };
		269CF142224A38A800884174 /* FinalProject.app */ = {isa = PBXFileReference; explicitFileType = wrapper.application; includeInIndex = 0; path = FinalProject.app; sourceTree = BUILT_PRODUCTS_DIR; };
		269CF145224A38A800884174 /* AppDelegate.swift */ = {isa = PBXFileReference; lastKnownFileType = sourcecode.swift; path = AppDelegate.swift; sourceTree = "<group>"; };
		269CF147224A38A800884174 /* ViewController.swift */ = {isa = PBXFileReference; lastKnownFileType = sourcecode.swift; path = ViewController.swift; sourceTree = "<group>"; };
		269CF14A224A38A800884174 /* Base */ = {isa = PBXFileReference; lastKnownFileType = file.storyboard; name = Base; path = Base.lproj/Main.storyboard; sourceTree = "<group>"; };
		269CF14C224A38A900884174 /* Assets.xcassets */ = {isa = PBXFileReference; lastKnownFileType = folder.assetcatalog; path = Assets.xcassets; sourceTree = "<group>"; };
		269CF14F224A38A900884174 /* Base */ = {isa = PBXFileReference; lastKnownFileType = file.storyboard; name = Base; path = Base.lproj/LaunchScreen.storyboard; sourceTree = "<group>"; };
		269CF151224A38A900884174 /* Info.plist */ = {isa = PBXFileReference; lastKnownFileType = text.plist.xml; path = Info.plist; sourceTree = "<group>"; };
		26AC1126224A39C200D4FAE7 /* NetworkFacade.swift */ = {isa = PBXFileReference; lastKnownFileType = sourcecode.swift; path = NetworkFacade.swift; sourceTree = "<group>"; };
		5B1FA161A4C16B1A8DF7C42F /* Pods-FinalProject.debug.xcconfig */ = {isa = PBXFileReference; includeInIndex = 1; lastKnownFileType = text.xcconfig; name = "Pods-FinalProject.debug.xcconfig"; path = "Target Support Files/Pods-FinalProject/Pods-FinalProject.debug.xcconfig"; sourceTree = "<group>"; };
		7EBB6112C02B015F2557A049 /* Pods-FinalProject.release.xcconfig */ = {isa = PBXFileReference; includeInIndex = 1; lastKnownFileType = text.xcconfig; name = "Pods-FinalProject.release.xcconfig"; path = "Target Support Files/Pods-FinalProject/Pods-FinalProject.release.xcconfig"; sourceTree = "<group>"; };
		FC15FF5954DED66E0A88933B /* Pods_FinalProject.framework */ = {isa = PBXFileReference; explicitFileType = wrapper.framework; includeInIndex = 0; path = Pods_FinalProject.framework; sourceTree = BUILT_PRODUCTS_DIR; };
/* End PBXFileReference section */

/* Begin PBXFrameworksBuildPhase section */
		269CF13F224A38A800884174 /* Frameworks */ = {
			isa = PBXFrameworksBuildPhase;
			buildActionMask = 2147483647;
			files = (
				F26CC8FE007584568493ED17 /* Pods_FinalProject.framework in Frameworks */,
			);
			runOnlyForDeploymentPostprocessing = 0;
		};
/* End PBXFrameworksBuildPhase section */

/* Begin PBXGroup section */
		1F89238EA3D23EFE1BF3C236 /* Frameworks */ = {
			isa = PBXGroup;
			children = (
				FC15FF5954DED66E0A88933B /* Pods_FinalProject.framework */,
			);
			name = Frameworks;
			sourceTree = "<group>";
		};
		263A0684224A3B2700A62164 /* Network */ = {
			isa = PBXGroup;
			children = (
				26AC1126224A39C200D4FAE7 /* NetworkFacade.swift */,
			);
			path = Network;
			sourceTree = "<group>";
		};
		263A0689224A3C4900A62164 /* Model */ = {
			isa = PBXGroup;
			children = (
				263A0687224A3C4300A62164 /* KosModel.swift */,
			);
			path = Model;
			sourceTree = "<group>";
		};
		263A068A224A3C5900A62164 /* ViewModel */ = {
			isa = PBXGroup;
			children = (
				263A0685224A3C1C00A62164 /* KosViewModel.swift */,
			);
			path = ViewModel;
			sourceTree = "<group>";
		};
		263A068B224A3C6500A62164 /* View */ = {
			isa = PBXGroup;
			children = (
				263A0698224A54F500A62164 /* NewKostViewController.swift */,
				269CF147224A38A800884174 /* ViewController.swift */,
				263A068C224A3FC200A62164 /* KosViewController+TableViewDataSource.swift */,
				263A0696224A4DD700A62164 /* KosViewController+TableViewDelegate.swift */,
				263A068E224A439800A62164 /* KosTableViewCell.xib */,
				263A0690224A475600A62164 /* KosTVC.swift */,
				263A0694224A4D0200A62164 /* DetailKosViewController.swift */,
			);
			path = View;
			sourceTree = "<group>";
		};
		269CF139224A38A800884174 = {
			isa = PBXGroup;
			children = (
				269CF144224A38A800884174 /* FinalProject */,
				269CF143224A38A800884174 /* Products */,
				B70AF99A3BDE45F44BF03F97 /* Pods */,
				1F89238EA3D23EFE1BF3C236 /* Frameworks */,
			);
			sourceTree = "<group>";
		};
		269CF143224A38A800884174 /* Products */ = {
			isa = PBXGroup;
			children = (
				269CF142224A38A800884174 /* FinalProject.app */,
			);
			name = Products;
			sourceTree = "<group>";
		};
		269CF144224A38A800884174 /* FinalProject */ = {
			isa = PBXGroup;
			children = (
				269CF145224A38A800884174 /* AppDelegate.swift */,
				263A068B224A3C6500A62164 /* View */,
				263A0684224A3B2700A62164 /* Network */,
				269CF149224A38A800884174 /* Main.storyboard */,
				263A068A224A3C5900A62164 /* ViewModel */,
				263A0689224A3C4900A62164 /* Model */,
				269CF14C224A38A900884174 /* Assets.xcassets */,
				269CF14E224A38A900884174 /* LaunchScreen.storyboard */,
				269CF151224A38A900884174 /* Info.plist */,
				263A0692224A4A2A00A62164 /* AnyViewExtension.swift */,
			);
			path = FinalProject;
			sourceTree = "<group>";
		};
		B70AF99A3BDE45F44BF03F97 /* Pods */ = {
			isa = PBXGroup;
			children = (
				5B1FA161A4C16B1A8DF7C42F /* Pods-FinalProject.debug.xcconfig */,
				7EBB6112C02B015F2557A049 /* Pods-FinalProject.release.xcconfig */,
			);
			path = Pods;
			sourceTree = "<group>";
		};
/* End PBXGroup section */

/* Begin PBXNativeTarget section */
		269CF141224A38A800884174 /* FinalProject */ = {
			isa = PBXNativeTarget;
			buildConfigurationList = 269CF154224A38A900884174 /* Build configuration list for PBXNativeTarget "FinalProject" */;
			buildPhases = (
				84DE349A5EE4484855ACD81C /* [CP] Check Pods Manifest.lock */,
				269CF13E224A38A800884174 /* Sources */,
				269CF13F224A38A800884174 /* Frameworks */,
				269CF140224A38A800884174 /* Resources */,
				CFB5D843D4B7885559079D0C /* [CP] Embed Pods Frameworks */,
			);
			buildRules = (
			);
			dependencies = (
			);
			name = FinalProject;
			productName = FinalProject;
			productReference = 269CF142224A38A800884174 /* FinalProject.app */;
			productType = "com.apple.product-type.application";
		};
/* End PBXNativeTarget section */

/* Begin PBXProject section */
		269CF13A224A38A800884174 /* Project object */ = {
			isa = PBXProject;
			attributes = {
				LastSwiftUpdateCheck = 1010;
				LastUpgradeCheck = 1010;
				ORGANIZATIONNAME = "Vido Valianto";
				TargetAttributes = {
					269CF141224A38A800884174 = {
						CreatedOnToolsVersion = 10.1;
					};
				};
			};
			buildConfigurationList = 269CF13D224A38A800884174 /* Build configuration list for PBXProject "FinalProject" */;
			compatibilityVersion = "Xcode 9.3";
			developmentRegion = en;
			hasScannedForEncodings = 0;
			knownRegions = (
				en,
				Base,
			);
			mainGroup = 269CF139224A38A800884174;
			productRefGroup = 269CF143224A38A800884174 /* Products */;
			projectDirPath = "";
			projectRoot = "";
			targets = (
				269CF141224A38A800884174 /* FinalProject */,
			);
		};
/* End PBXProject section */

/* Begin PBXResourcesBuildPhase section */
		269CF140224A38A800884174 /* Resources */ = {
			isa = PBXResourcesBuildPhase;
			buildActionMask = 2147483647;
			files = (
				263A068F224A439800A62164 /* KosTableViewCell.xib in Resources */,
				269CF150224A38A900884174 /* LaunchScreen.storyboard in Resources */,
				269CF14D224A38A900884174 /* Assets.xcassets in Resources */,
				269CF14B224A38A800884174 /* Main.storyboard in Resources */,
			);
			runOnlyForDeploymentPostprocessing = 0;
		};
/* End PBXResourcesBuildPhase section */

/* Begin PBXShellScriptBuildPhase section */
		84DE349A5EE4484855ACD81C /* [CP] Check Pods Manifest.lock */ = {
			isa = PBXShellScriptBuildPhase;
			buildActionMask = 2147483647;
			files = (
			);
			inputFileListPaths = (
			);
			inputPaths = (
				"${PODS_PODFILE_DIR_PATH}/Podfile.lock",
				"${PODS_ROOT}/Manifest.lock",
			);
			name = "[CP] Check Pods Manifest.lock";
			outputFileListPaths = (
			);
			outputPaths = (
				"$(DERIVED_FILE_DIR)/Pods-FinalProject-checkManifestLockResult.txt",
			);
			runOnlyForDeploymentPostprocessing = 0;
			shellPath = /bin/sh;
			shellScript = "diff \"${PODS_PODFILE_DIR_PATH}/Podfile.lock\" \"${PODS_ROOT}/Manifest.lock\" > /dev/null\nif [ $? != 0 ] ; then\n    # print error to STDERR\n    echo \"error: The sandbox is not in sync with the Podfile.lock. Run 'pod install' or update your CocoaPods installation.\" >&2\n    exit 1\nfi\n# This output is used by Xcode 'outputs' to avoid re-running this script phase.\necho \"SUCCESS\" > \"${SCRIPT_OUTPUT_FILE_0}\"\n";
			showEnvVarsInLog = 0;
		};
		CFB5D843D4B7885559079D0C /* [CP] Embed Pods Frameworks */ = {
			isa = PBXShellScriptBuildPhase;
			buildActionMask = 2147483647;
			files = (
			);
			inputFileListPaths = (
			);
			inputPaths = (
				"${PODS_ROOT}/Target Support Files/Pods-FinalProject/Pods-FinalProject-frameworks.sh",
				"${BUILT_PRODUCTS_DIR}/Alamofire/Alamofire.framework",
				"${BUILT_PRODUCTS_DIR}/Alamofire-SwiftyJSON/Alamofire_SwiftyJSON.framework",
				"${BUILT_PRODUCTS_DIR}/AlamofireImage/AlamofireImage.framework",
				"${BUILT_PRODUCTS_DIR}/SwiftyJSON/SwiftyJSON.framework",
			);
			name = "[CP] Embed Pods Frameworks";
			outputFileListPaths = (
			);
			outputPaths = (
				"${TARGET_BUILD_DIR}/${FRAMEWORKS_FOLDER_PATH}/Alamofire.framework",
				"${TARGET_BUILD_DIR}/${FRAMEWORKS_FOLDER_PATH}/Alamofire_SwiftyJSON.framework",
				"${TARGET_BUILD_DIR}/${FRAMEWORKS_FOLDER_PATH}/AlamofireImage.framework",
				"${TARGET_BUILD_DIR}/${FRAMEWORKS_FOLDER_PATH}/SwiftyJSON.framework",
			);
			runOnlyForDeploymentPostprocessing = 0;
			shellPath = /bin/sh;
			shellScript = "\"${PODS_ROOT}/Target Support Files/Pods-FinalProject/Pods-FinalProject-frameworks.sh\"\n";
			showEnvVarsInLog = 0;
		};
/* End PBXShellScriptBuildPhase section */

/* Begin PBXSourcesBuildPhase section */
		269CF13E224A38A800884174 /* Sources */ = {
			isa = PBXSourcesBuildPhase;
			buildActionMask = 2147483647;
			files = (
				263A0691224A475600A62164 /* KosTVC.swift in Sources */,
				263A0693224A4A2A00A62164 /* AnyViewExtension.swift in Sources */,
				269CF148224A38A800884174 /* ViewController.swift in Sources */,
				263A0688224A3C4300A62164 /* KosModel.swift in Sources */,
				269CF146224A38A800884174 /* AppDelegate.swift in Sources */,
				263A068D224A3FC200A62164 /* KosViewController+TableViewDataSource.swift in Sources */,
				263A0695224A4D0200A62164 /* DetailKosViewController.swift in Sources */,
				263A0699224A54F500A62164 /* NewKostViewController.swift in Sources */,
				263A0697224A4DD700A62164 /* KosViewController+TableViewDelegate.swift in Sources */,
				263A0686224A3C1C00A62164 /* KosViewModel.swift in Sources */,
				26AC1127224A39C200D4FAE7 /* NetworkFacade.swift in Sources */,
			);
			runOnlyForDeploymentPostprocessing = 0;
		};
/* End PBXSourcesBuildPhase section */

/* Begin PBXVariantGroup section */
		269CF149224A38A800884174 /* Main.storyboard */ = {
			isa = PBXVariantGroup;
			children = (
				269CF14A224A38A800884174 /* Base */,
			);
			name = Main.storyboard;
			sourceTree = "<group>";
		};
		269CF14E224A38A900884174 /* LaunchScreen.storyboard */ = {
			isa = PBXVariantGroup;
			children = (
				269CF14F224A38A900884174 /* Base */,
			);
			name = LaunchScreen.storyboard;
			sourceTree = "<group>";
		};
/* End PBXVariantGroup section */

/* Begin XCBuildConfiguration section */
		269CF152224A38A900884174 /* Debug */ = {
			isa = XCBuildConfiguration;
			buildSettings = {
				ALWAYS_SEARCH_USER_PATHS = NO;
				CLANG_ANALYZER_NONNULL = YES;
				CLANG_ANALYZER_NUMBER_OBJECT_CONVERSION = YES_AGGRESSIVE;
				CLANG_CXX_LANGUAGE_STANDARD = "gnu++14";
				CLANG_CXX_LIBRARY = "libc++";
				CLANG_ENABLE_MODULES = YES;
				CLANG_ENABLE_OBJC_ARC = YES;
				CLANG_ENABLE_OBJC_WEAK = YES;
				CLANG_WARN_BLOCK_CAPTURE_AUTORELEASING = YES;
				CLANG_WARN_BOOL_CONVERSION = YES;
				CLANG_WARN_COMMA = YES;
				CLANG_WARN_CONSTANT_CONVERSION = YES;
				CLANG_WARN_DEPRECATED_OBJC_IMPLEMENTATIONS = YES;
				CLANG_WARN_DIRECT_OBJC_ISA_USAGE = YES_ERROR;
				CLANG_WARN_DOCUMENTATION_COMMENTS = YES;
				CLANG_WARN_EMPTY_BODY = YES;
				CLANG_WARN_ENUM_CONVERSION = YES;
				CLANG_WARN_INFINITE_RECURSION = YES;
				CLANG_WARN_INT_CONVERSION = YES;
				CLANG_WARN_NON_LITERAL_NULL_CONVERSION = YES;
				CLANG_WARN_OBJC_IMPLICIT_RETAIN_SELF = YES;
				CLANG_WARN_OBJC_LITERAL_CONVERSION = YES;
				CLANG_WARN_OBJC_ROOT_CLASS = YES_ERROR;
				CLANG_WARN_RANGE_LOOP_ANALYSIS = YES;
				CLANG_WARN_STRICT_PROTOTYPES = YES;
				CLANG_WARN_SUSPICIOUS_MOVE = YES;
				CLANG_WARN_UNGUARDED_AVAILABILITY = YES_AGGRESSIVE;
				CLANG_WARN_UNREACHABLE_CODE = YES;
				CLANG_WARN__DUPLICATE_METHOD_MATCH = YES;
				CODE_SIGN_IDENTITY = "iPhone Developer";
				COPY_PHASE_STRIP = NO;
				DEBUG_INFORMATION_FORMAT = dwarf;
				ENABLE_STRICT_OBJC_MSGSEND = YES;
				ENABLE_TESTABILITY = YES;
				GCC_C_LANGUAGE_STANDARD = gnu11;
				GCC_DYNAMIC_NO_PIC = NO;
				GCC_NO_COMMON_BLOCKS = YES;
				GCC_OPTIMIZATION_LEVEL = 0;
				GCC_PREPROCESSOR_DEFINITIONS = (
					"DEBUG=1",
					"$(inherited)",
				);
				GCC_WARN_64_TO_32_BIT_CONVERSION = YES;
				GCC_WARN_ABOUT_RETURN_TYPE = YES_ERROR;
				GCC_WARN_UNDECLARED_SELECTOR = YES;
				GCC_WARN_UNINITIALIZED_AUTOS = YES_AGGRESSIVE;
				GCC_WARN_UNUSED_FUNCTION = YES;
				GCC_WARN_UNUSED_VARIABLE = YES;
				IPHONEOS_DEPLOYMENT_TARGET = 12.1;
				MTL_ENABLE_DEBUG_INFO = INCLUDE_SOURCE;
				MTL_FAST_MATH = YES;
				ONLY_ACTIVE_ARCH = YES;
				SDKROOT = iphoneos;
				SWIFT_ACTIVE_COMPILATION_CONDITIONS = DEBUG;
				SWIFT_OPTIMIZATION_LEVEL = "-Onone";
			};
			name = Debug;
		};
		269CF153224A38A900884174 /* Release */ = {
			isa = XCBuildConfiguration;
			buildSettings = {
				ALWAYS_SEARCH_USER_PATHS = NO;
				CLANG_ANALYZER_NONNULL = YES;
				CLANG_ANALYZER_NUMBER_OBJECT_CONVERSION = YES_AGGRESSIVE;
				CLANG_CXX_LANGUAGE_STANDARD = "gnu++14";
				CLANG_CXX_LIBRARY = "libc++";
				CLANG_ENABLE_MODULES = YES;
				CLANG_ENABLE_OBJC_ARC = YES;
				CLANG_ENABLE_OBJC_WEAK = YES;
				CLANG_WARN_BLOCK_CAPTURE_AUTORELEASING = YES;
				CLANG_WARN_BOOL_CONVERSION = YES;
				CLANG_WARN_COMMA = YES;
				CLANG_WARN_CONSTANT_CONVERSION = YES;
				CLANG_WARN_DEPRECATED_OBJC_IMPLEMENTATIONS = YES;
				CLANG_WARN_DIRECT_OBJC_ISA_USAGE = YES_ERROR;
				CLANG_WARN_DOCUMENTATION_COMMENTS = YES;
				CLANG_WARN_EMPTY_BODY = YES;
				CLANG_WARN_ENUM_CONVERSION = YES;
				CLANG_WARN_INFINITE_RECURSION = YES;
				CLANG_WARN_INT_CONVERSION = YES;
				CLANG_WARN_NON_LITERAL_NULL_CONVERSION = YES;
				CLANG_WARN_OBJC_IMPLICIT_RETAIN_SELF = YES;
				CLANG_WARN_OBJC_LITERAL_CONVERSION = YES;
				CLANG_WARN_OBJC_ROOT_CLASS = YES_ERROR;
				CLANG_WARN_RANGE_LOOP_ANALYSIS = YES;
				CLANG_WARN_STRICT_PROTOTYPES = YES;
				CLANG_WARN_SUSPICIOUS_MOVE = YES;
				CLANG_WARN_UNGUARDED_AVAILABILITY = YES_AGGRESSIVE;
				CLANG_WARN_UNREACHABLE_CODE = YES;
				CLANG_WARN__DUPLICATE_METHOD_MATCH = YES;
				CODE_SIGN_IDENTITY = "iPhone Developer";
				COPY_PHASE_STRIP = NO;
				DEBUG_INFORMATION_FORMAT = "dwarf-with-dsym";
				ENABLE_NS_ASSERTIONS = NO;
				ENABLE_STRICT_OBJC_MSGSEND = YES;
				GCC_C_LANGUAGE_STANDARD = gnu11;
				GCC_NO_COMMON_BLOCKS = YES;
				GCC_WARN_64_TO_32_BIT_CONVERSION = YES;
				GCC_WARN_ABOUT_RETURN_TYPE = YES_ERROR;
				GCC_WARN_UNDECLARED_SELECTOR = YES;
				GCC_WARN_UNINITIALIZED_AUTOS = YES_AGGRESSIVE;
				GCC_WARN_UNUSED_FUNCTION = YES;
				GCC_WARN_UNUSED_VARIABLE = YES;
				IPHONEOS_DEPLOYMENT_TARGET = 12.1;
				MTL_ENABLE_DEBUG_INFO = NO;
				MTL_FAST_MATH = YES;
				SDKROOT = iphoneos;
				SWIFT_COMPILATION_MODE = wholemodule;
				SWIFT_OPTIMIZATION_LEVEL = "-O";
				VALIDATE_PRODUCT = YES;
			};
			name = Release;
		};
		269CF155224A38A900884174 /* Debug */ = {
			isa = XCBuildConfiguration;
			baseConfigurationReference = 5B1FA161A4C16B1A8DF7C42F /* Pods-FinalProject.debug.xcconfig */;
			buildSettings = {
				ASSETCATALOG_COMPILER_APPICON_NAME = AppIcon;
				CODE_SIGN_STYLE = Automatic;
				INFOPLIST_FILE = FinalProject/Info.plist;
				LD_RUNPATH_SEARCH_PATHS = (
					"$(inherited)",
					"@executable_path/Frameworks",
				);
				PRODUCT_BUNDLE_IDENTIFIER = com.vido.FinalProject;
				PRODUCT_NAME = "$(TARGET_NAME)";
				SWIFT_VERSION = 4.2;
				TARGETED_DEVICE_FAMILY = "1,2";
			};
			name = Debug;
		};
		269CF156224A38A900884174 /* Release */ = {
			isa = XCBuildConfiguration;
			baseConfigurationReference = 7EBB6112C02B015F2557A049 /* Pods-FinalProject.release.xcconfig */;
			buildSettings = {
				ASSETCATALOG_COMPILER_APPICON_NAME = AppIcon;
				CODE_SIGN_STYLE = Automatic;
				INFOPLIST_FILE = FinalProject/Info.plist;
				LD_RUNPATH_SEARCH_PATHS = (
					"$(inherited)",
					"@executable_path/Frameworks",
				);
				PRODUCT_BUNDLE_IDENTIFIER = com.vido.FinalProject;
				PRODUCT_NAME = "$(TARGET_NAME)";
				SWIFT_VERSION = 4.2;
				TARGETED_DEVICE_FAMILY = "1,2";
			};
			name = Release;
		};
/* End XCBuildConfiguration section */

/* Begin XCConfigurationList section */
		269CF13D224A38A800884174 /* Build configuration list for PBXProject "FinalProject" */ = {
			isa = XCConfigurationList;
			buildConfigurations = (
				269CF152224A38A900884174 /* Debug */,
				269CF153224A38A900884174 /* Release */,
			);
			defaultConfigurationIsVisible = 0;
			defaultConfigurationName = Release;
		};
		269CF154224A38A900884174 /* Build configuration list for PBXNativeTarget "FinalProject" */ = {
			isa = XCConfigurationList;
			buildConfigurations = (
				269CF155224A38A900884174 /* Debug */,
				269CF156224A38A900884174 /* Release */,
			);
			defaultConfigurationIsVisible = 0;
			defaultConfigurationName = Release;
		};
/* End XCConfigurationList section */
	};
	rootObject = 269CF13A224A38A800884174 /* Project object */;
}
